{
  "version": 4,
  "terraform_version": "0.13.1",
  "serial": 18,
  "lineage": "c14156d4-c118-cf04-2b34-099f5190086f",
  "outputs": {
    "config_map_aws_auth": {
      "value": "\n\napiVersion: v1\nkind: ConfigMap\nmetadata:\n  name: aws-auth\n  namespace: kube-system\ndata:\n  mapRoles: |\n    - rolearn: arn:aws:iam::947722514212:role/terraform-eks-demo-node\n      username: system:node:{{EC2PrivateDNSName}}\n      groups:\n        - system:bootstrappers\n        - system:nodes\n",
      "type": "string"
    },
    "kubeconfig": {
      "value": "\n\napiVersion: v1\nclusters:\n- cluster:\n    server: https://25B2AD6AD5E6B7288922D6F30C4A43DA.gr7.us-west-2.eks.amazonaws.com\n    certificate-authority-data: LS0tLS1CRUdJTiBDRVJUSUZJQ0FURS0tLS0tCk1JSUN5RENDQWJDZ0F3SUJBZ0lCQURBTkJna3Foa2lHOXcwQkFRc0ZBREFWTVJNd0VRWURWUVFERXdwcmRXSmwKY201bGRHVnpNQjRYRFRJd01EZ3lPVEF4TkRNeU1Gb1hEVE13TURneU56QXhORE15TUZvd0ZURVRNQkVHQTFVRQpBeE1LYTNWaVpYSnVaWFJsY3pDQ0FTSXdEUVlKS29aSWh2Y05BUUVCQlFBRGdnRVBBRENDQVFvQ2dnRUJBSm8yCmtDazVEMzlpdFo1bnp3TGJpbVAzNGV2SWVvWERBWTlhb1BRaHZhQUwxcnNuMkxMYW9kcFpJKzlDSnlnK0pmdkQKNFBEVUU4NVN0OTA3NFhwRkpiK3FoRE9HM1lPOXZMb0dKYVBnbGtxK1FiL1dHWjdvTTJXZ0JMZ3Z0cFllYTQxcwpGVE52cGpvNmFCa044SVF1ZGpObmVLYXh4bkZUektiZlB5MXlrdyt1eUs0bHBZWklROENSR3dVdkk1NHUwSW5CCktwUVU4eC9vSlhtS0U2MThUQVpIdUUrNTBmTGE3dmNpU1ZXMGdOVE1lWkNLR016UkJyamVUeDZINzA1K3RwcDEKdlMzR2pBNGNSdkZFbzdMKzZ4OWNNMktOVXFhTTcyVEV2T2taN2VkTlVHa3psbHRWeWZsTWtIUzY2bit4QndDSQp0U3Y1TGtrU3hzd0Q2aVBCSDdzQ0F3RUFBYU1qTUNFd0RnWURWUjBQQVFIL0JBUURBZ0trTUE4R0ExVWRFd0VCCi93UUZNQU1CQWY4d0RRWUpLb1pJaHZjTkFRRUxCUUFEZ2dFQkFHWDRFRU4wT0s0MkFxcW40Nld0SmYzMnNkT3MKLzJVVGxBYkNzUGpKMGhFVTdKQWhEdWZyVHJ6R3Y2OFR4SFFDRzJxeUVMcDhMYVM0NWJxeDZLWTN2REZpL1JuYgp4RWpEdC8vUlJ6SXZqR1hmYjBXTjM0MlhSU0hwQ1IrSTRFN0o4S0V5SDdjSmcvWnNVTWE2bWZZbllHNmlKU1VSCllaS2Nud0RzRys1NGVtSWNpVTZXL1dLTHpKMENtQUkvRFVSdkEwWjQvMVc4Z2NUOFUzOG1qU0s4OUtkdDJWUVYKeHhtZFNUY213c2M4RVA2bi92OWpBOGRWcjRZTTljZ0xTRXcwRjIxbzMzNUxKNEJUMWFWZmhEMGV4dnFMeGVCMwptcXNYTDNoS21zRE5lanZMcjRHSjVHU1FLblNDQ1UvcWVTdGtrNHVkdzAzcFFidGtxRHQ4RkFhakZCMD0KLS0tLS1FTkQgQ0VSVElGSUNBVEUtLS0tLQo=\n  name: kubernetes\ncontexts:\n- context:\n    cluster: kubernetes\n    user: aws\n  name: aws\ncurrent-context: aws\nkind: Config\npreferences: {}\nusers:\n- name: aws\n  user:\n    exec:\n      apiVersion: client.authentication.k8s.io/v1alpha1\n      command: aws-iam-authenticator\n      args:\n        - \"token\"\n        - \"-i\"\n        - \"terraform-eks-demo\"\n",
      "type": "string"
    }
  },
  "resources": [
    {
      "mode": "data",
      "type": "aws_availability_zones",
      "name": "available",
      "provider": "provider[\"registry.terraform.io/hashicorp/aws\"]",
      "instances": [
        {
          "schema_version": 0,
          "attributes": {
            "all_availability_zones": null,
            "exclude_names": null,
            "exclude_zone_ids": null,
            "filter": null,
            "group_names": [
              "us-west-2"
            ],
            "id": "2020-08-29 01:36:00.035037277 +0000 UTC",
            "names": [
              "us-west-2a",
              "us-west-2b",
              "us-west-2c",
              "us-west-2d"
            ],
            "state": null,
            "zone_ids": [
              "usw2-az2",
              "usw2-az1",
              "usw2-az3",
              "usw2-az4"
            ]
          }
        }
      ]
    },
    {
      "mode": "data",
      "type": "http",
      "name": "workstation-external-ip",
      "provider": "provider[\"registry.terraform.io/hashicorp/http\"]",
      "instances": [
        {
          "schema_version": 0,
          "attributes": {
            "body": "52.23.196.60\n",
            "id": "2020-08-29 01:35:59.810548841 +0000 UTC",
            "request_headers": null,
            "response_headers": {
              "Access-Control-Allow-Methods": "GET",
              "Access-Control-Allow-Origin": "*",
              "Content-Length": "13",
              "Content-Type": "text/plain; charset=UTF-8",
              "Date": "Sat, 29 Aug 2020 01:35:59 GMT",
              "Server": "nginx",
              "X-Rtfm": "Learn about this site at http://bit.ly/icanhazip-faq and do not abuse the service.",
              "X-Security": "This site DOES NOT distribute malware. Get the facts. https://goo.gl/1FhVpg"
            },
            "url": "http://ipv4.icanhazip.com"
          }
        }
      ]
    },
    {
      "mode": "managed",
      "type": "aws_eks_cluster",
      "name": "demo",
      "provider": "provider[\"registry.terraform.io/hashicorp/aws\"]",
      "instances": [
        {
          "schema_version": 0,
          "attributes": {
            "arn": "arn:aws:eks:us-west-2:947722514212:cluster/terraform-eks-demo",
            "certificate_authority": [
              {
                "data": "LS0tLS1CRUdJTiBDRVJUSUZJQ0FURS0tLS0tCk1JSUN5RENDQWJDZ0F3SUJBZ0lCQURBTkJna3Foa2lHOXcwQkFRc0ZBREFWTVJNd0VRWURWUVFERXdwcmRXSmwKY201bGRHVnpNQjRYRFRJd01EZ3lPVEF4TkRNeU1Gb1hEVE13TURneU56QXhORE15TUZvd0ZURVRNQkVHQTFVRQpBeE1LYTNWaVpYSnVaWFJsY3pDQ0FTSXdEUVlKS29aSWh2Y05BUUVCQlFBRGdnRVBBRENDQVFvQ2dnRUJBSm8yCmtDazVEMzlpdFo1bnp3TGJpbVAzNGV2SWVvWERBWTlhb1BRaHZhQUwxcnNuMkxMYW9kcFpJKzlDSnlnK0pmdkQKNFBEVUU4NVN0OTA3NFhwRkpiK3FoRE9HM1lPOXZMb0dKYVBnbGtxK1FiL1dHWjdvTTJXZ0JMZ3Z0cFllYTQxcwpGVE52cGpvNmFCa044SVF1ZGpObmVLYXh4bkZUektiZlB5MXlrdyt1eUs0bHBZWklROENSR3dVdkk1NHUwSW5CCktwUVU4eC9vSlhtS0U2MThUQVpIdUUrNTBmTGE3dmNpU1ZXMGdOVE1lWkNLR016UkJyamVUeDZINzA1K3RwcDEKdlMzR2pBNGNSdkZFbzdMKzZ4OWNNMktOVXFhTTcyVEV2T2taN2VkTlVHa3psbHRWeWZsTWtIUzY2bit4QndDSQp0U3Y1TGtrU3hzd0Q2aVBCSDdzQ0F3RUFBYU1qTUNFd0RnWURWUjBQQVFIL0JBUURBZ0trTUE4R0ExVWRFd0VCCi93UUZNQU1CQWY4d0RRWUpLb1pJaHZjTkFRRUxCUUFEZ2dFQkFHWDRFRU4wT0s0MkFxcW40Nld0SmYzMnNkT3MKLzJVVGxBYkNzUGpKMGhFVTdKQWhEdWZyVHJ6R3Y2OFR4SFFDRzJxeUVMcDhMYVM0NWJxeDZLWTN2REZpL1JuYgp4RWpEdC8vUlJ6SXZqR1hmYjBXTjM0MlhSU0hwQ1IrSTRFN0o4S0V5SDdjSmcvWnNVTWE2bWZZbllHNmlKU1VSCllaS2Nud0RzRys1NGVtSWNpVTZXL1dLTHpKMENtQUkvRFVSdkEwWjQvMVc4Z2NUOFUzOG1qU0s4OUtkdDJWUVYKeHhtZFNUY213c2M4RVA2bi92OWpBOGRWcjRZTTljZ0xTRXcwRjIxbzMzNUxKNEJUMWFWZmhEMGV4dnFMeGVCMwptcXNYTDNoS21zRE5lanZMcjRHSjVHU1FLblNDQ1UvcWVTdGtrNHVkdzAzcFFidGtxRHQ4RkFhakZCMD0KLS0tLS1FTkQgQ0VSVElGSUNBVEUtLS0tLQo="
              }
            ],
            "created_at": "2020-08-29 01:36:12.841 +0000 UTC",
            "enabled_cluster_log_types": null,
            "encryption_config": [],
            "endpoint": "https://25B2AD6AD5E6B7288922D6F30C4A43DA.gr7.us-west-2.eks.amazonaws.com",
            "id": "terraform-eks-demo",
            "identity": [
              {
                "oidc": [
                  {
                    "issuer": "https://oidc.eks.us-west-2.amazonaws.com/id/25B2AD6AD5E6B7288922D6F30C4A43DA"
                  }
                ]
              }
            ],
            "name": "terraform-eks-demo",
            "platform_version": "eks.2",
            "role_arn": "arn:aws:iam::947722514212:role/terraform-eks-demo-cluster",
            "status": "ACTIVE",
            "tags": null,
            "timeouts": null,
            "version": "1.17",
            "vpc_config": [
              {
                "cluster_security_group_id": "sg-0310c9581155191ba",
                "endpoint_private_access": false,
                "endpoint_public_access": true,
                "public_access_cidrs": [
                  "0.0.0.0/0"
                ],
                "security_group_ids": [
                  "sg-09907936246a08bab"
                ],
                "subnet_ids": [
                  "subnet-0044c20c4f730f3c5",
                  "subnet-0a03975d7a2603f3a"
                ],
                "vpc_id": "vpc-078a13b8434d9bfb3"
              }
            ]
          },
          "private": "eyJlMmJmYjczMC1lY2FhLTExZTYtOGY4OC0zNDM2M2JjN2M0YzAiOnsiY3JlYXRlIjoxODAwMDAwMDAwMDAwLCJkZWxldGUiOjkwMDAwMDAwMDAwMCwidXBkYXRlIjozNjAwMDAwMDAwMDAwfX0=",
          "dependencies": [
            "aws_iam_role.demo-cluster",
            "aws_iam_role_policy_attachment.demo-cluster-AmazonEKSClusterPolicy",
            "aws_security_group.demo-cluster",
            "aws_subnet.demo",
            "aws_vpc.demo",
            "data.aws_availability_zones.available"
          ]
        }
      ]
    },
    {
      "mode": "managed",
      "type": "aws_eks_node_group",
      "name": "demo",
      "provider": "provider[\"registry.terraform.io/hashicorp/aws\"]",
      "instances": [
        {
          "schema_version": 0,
          "attributes": {
            "ami_type": "AL2_x86_64",
            "arn": "arn:aws:eks:us-west-2:947722514212:nodegroup/terraform-eks-demo/demo/c0ba1bf2-1d33-29af-ae08-98f63c68295d",
            "cluster_name": "terraform-eks-demo",
            "disk_size": 20,
            "force_update_version": null,
            "id": "terraform-eks-demo:demo",
            "instance_types": [
              "t3.medium"
            ],
            "labels": null,
            "launch_template": [],
            "node_group_name": "demo",
            "node_role_arn": "arn:aws:iam::947722514212:role/terraform-eks-demo-node",
            "release_version": "1.17.9-20200821",
            "remote_access": [],
            "resources": [
              {
                "autoscaling_groups": [
                  {
                    "name": "eks-c0ba1bf2-1d33-29af-ae08-98f63c68295d"
                  }
                ],
                "remote_access_security_group_id": ""
              }
            ],
            "scaling_config": [
              {
                "desired_size": 1,
                "max_size": 1,
                "min_size": 1
              }
            ],
            "status": "ACTIVE",
            "subnet_ids": [
              "subnet-0044c20c4f730f3c5",
              "subnet-0a03975d7a2603f3a"
            ],
            "tags": null,
            "timeouts": null,
            "version": "1.17"
          },
          "private": "eyJlMmJmYjczMC1lY2FhLTExZTYtOGY4OC0zNDM2M2JjN2M0YzAiOnsiY3JlYXRlIjozNjAwMDAwMDAwMDAwLCJkZWxldGUiOjM2MDAwMDAwMDAwMDAsInVwZGF0ZSI6MzYwMDAwMDAwMDAwMH19",
          "dependencies": [
            "aws_eks_cluster.demo",
            "aws_iam_role.demo-cluster",
            "aws_iam_role.demo-node",
            "aws_iam_role_policy_attachment.demo-cluster-AmazonEKSClusterPolicy",
            "aws_iam_role_policy_attachment.demo-node-AmazonEC2ContainerRegistryReadOnly",
            "aws_iam_role_policy_attachment.demo-node-AmazonEKSWorkerNodePolicy",
            "aws_iam_role_policy_attachment.demo-node-AmazonEKS_CNI_Policy",
            "aws_security_group.demo-cluster",
            "aws_subnet.demo",
            "aws_vpc.demo",
            "data.aws_availability_zones.available"
          ]
        }
      ]
    },
    {
      "mode": "managed",
      "type": "aws_iam_role",
      "name": "demo-cluster",
      "provider": "provider[\"registry.terraform.io/hashicorp/aws\"]",
      "instances": [
        {
          "schema_version": 0,
          "attributes": {
            "arn": "arn:aws:iam::947722514212:role/terraform-eks-demo-cluster",
            "assume_role_policy": "{\"Version\":\"2012-10-17\",\"Statement\":[{\"Effect\":\"Allow\",\"Principal\":{\"Service\":\"eks.amazonaws.com\"},\"Action\":\"sts:AssumeRole\"}]}",
            "create_date": "2020-08-29T01:36:04Z",
            "description": "",
            "force_detach_policies": false,
            "id": "terraform-eks-demo-cluster",
            "max_session_duration": 3600,
            "name": "terraform-eks-demo-cluster",
            "name_prefix": null,
            "path": "/",
            "permissions_boundary": null,
            "tags": null,
            "unique_id": "AROA5ZKFJ54SMKEA6FCOT"
          },
          "private": "bnVsbA=="
        }
      ]
    },
    {
      "mode": "managed",
      "type": "aws_iam_role",
      "name": "demo-node",
      "provider": "provider[\"registry.terraform.io/hashicorp/aws\"]",
      "instances": [
        {
          "schema_version": 0,
          "attributes": {
            "arn": "arn:aws:iam::947722514212:role/terraform-eks-demo-node",
            "assume_role_policy": "{\"Version\":\"2012-10-17\",\"Statement\":[{\"Effect\":\"Allow\",\"Principal\":{\"Service\":\"ec2.amazonaws.com\"},\"Action\":\"sts:AssumeRole\"}]}",
            "create_date": "2020-08-29T01:36:04Z",
            "description": "",
            "force_detach_policies": false,
            "id": "terraform-eks-demo-node",
            "max_session_duration": 3600,
            "name": "terraform-eks-demo-node",
            "name_prefix": null,
            "path": "/",
            "permissions_boundary": null,
            "tags": null,
            "unique_id": "AROA5ZKFJ54SKRNPPJ2XH"
          },
          "private": "bnVsbA=="
        }
      ]
    },
    {
      "mode": "managed",
      "type": "aws_iam_role_policy_attachment",
      "name": "demo-cluster-AmazonEKSClusterPolicy",
      "provider": "provider[\"registry.terraform.io/hashicorp/aws\"]",
      "instances": [
        {
          "schema_version": 0,
          "attributes": {
            "id": "terraform-eks-demo-cluster-20200829013604639900000001",
            "policy_arn": "arn:aws:iam::aws:policy/AmazonEKSClusterPolicy",
            "role": "terraform-eks-demo-cluster"
          },
          "private": "bnVsbA==",
          "dependencies": [
            "aws_iam_role.demo-cluster"
          ]
        }
      ]
    },
    {
      "mode": "managed",
      "type": "aws_iam_role_policy_attachment",
      "name": "demo-node-AmazonEC2ContainerRegistryReadOnly",
      "provider": "provider[\"registry.terraform.io/hashicorp/aws\"]",
      "instances": [
        {
          "schema_version": 0,
          "attributes": {
            "id": "terraform-eks-demo-node-20200829013604663000000002",
            "policy_arn": "arn:aws:iam::aws:policy/AmazonEC2ContainerRegistryReadOnly",
            "role": "terraform-eks-demo-node"
          },
          "private": "bnVsbA==",
          "dependencies": [
            "aws_iam_role.demo-node"
          ]
        }
      ]
    },
    {
      "mode": "managed",
      "type": "aws_iam_role_policy_attachment",
      "name": "demo-node-AmazonEKSWorkerNodePolicy",
      "provider": "provider[\"registry.terraform.io/hashicorp/aws\"]",
      "instances": [
        {
          "schema_version": 0,
          "attributes": {
            "id": "terraform-eks-demo-node-20200829013604664700000003",
            "policy_arn": "arn:aws:iam::aws:policy/AmazonEKSWorkerNodePolicy",
            "role": "terraform-eks-demo-node"
          },
          "private": "bnVsbA==",
          "dependencies": [
            "aws_iam_role.demo-node"
          ]
        }
      ]
    },
    {
      "mode": "managed",
      "type": "aws_iam_role_policy_attachment",
      "name": "demo-node-AmazonEKS_CNI_Policy",
      "provider": "provider[\"registry.terraform.io/hashicorp/aws\"]",
      "instances": [
        {
          "schema_version": 0,
          "attributes": {
            "id": "terraform-eks-demo-node-20200829013604665100000004",
            "policy_arn": "arn:aws:iam::aws:policy/AmazonEKS_CNI_Policy",
            "role": "terraform-eks-demo-node"
          },
          "private": "bnVsbA==",
          "dependencies": [
            "aws_iam_role.demo-node"
          ]
        }
      ]
    },
    {
      "mode": "managed",
      "type": "aws_internet_gateway",
      "name": "demo",
      "provider": "provider[\"registry.terraform.io/hashicorp/aws\"]",
      "instances": [
        {
          "schema_version": 0,
          "attributes": {
            "arn": "arn:aws:ec2:us-west-2:947722514212:internet-gateway/igw-04104171a95791626",
            "id": "igw-04104171a95791626",
            "owner_id": "947722514212",
            "tags": {
              "Name": "terraform-eks-demo"
            },
            "vpc_id": "vpc-078a13b8434d9bfb3"
          },
          "private": "bnVsbA==",
          "dependencies": [
            "aws_vpc.demo"
          ]
        }
      ]
    },
    {
      "mode": "managed",
      "type": "aws_route_table",
      "name": "demo",
      "provider": "provider[\"registry.terraform.io/hashicorp/aws\"]",
      "instances": [
        {
          "schema_version": 0,
          "attributes": {
            "id": "rtb-0059a9da19f687c41",
            "owner_id": "947722514212",
            "propagating_vgws": [],
            "route": [
              {
                "cidr_block": "0.0.0.0/0",
                "egress_only_gateway_id": "",
                "gateway_id": "igw-04104171a95791626",
                "instance_id": "",
                "ipv6_cidr_block": "",
                "nat_gateway_id": "",
                "network_interface_id": "",
                "transit_gateway_id": "",
                "vpc_peering_connection_id": ""
              }
            ],
            "tags": null,
            "vpc_id": "vpc-078a13b8434d9bfb3"
          },
          "private": "bnVsbA==",
          "dependencies": [
            "aws_internet_gateway.demo",
            "aws_vpc.demo"
          ]
        }
      ]
    },
    {
      "mode": "managed",
      "type": "aws_route_table_association",
      "name": "demo",
      "provider": "provider[\"registry.terraform.io/hashicorp/aws\"]",
      "instances": [
        {
          "index_key": 0,
          "schema_version": 0,
          "attributes": {
            "gateway_id": null,
            "id": "rtbassoc-08ff4eff1d0430521",
            "route_table_id": "rtb-0059a9da19f687c41",
            "subnet_id": "subnet-0a03975d7a2603f3a"
          },
          "private": "bnVsbA==",
          "dependencies": [
            "aws_internet_gateway.demo",
            "aws_route_table.demo",
            "aws_subnet.demo",
            "aws_vpc.demo",
            "data.aws_availability_zones.available"
          ]
        },
        {
          "index_key": 1,
          "schema_version": 0,
          "attributes": {
            "gateway_id": null,
            "id": "rtbassoc-0dba0aaf7920fdf07",
            "route_table_id": "rtb-0059a9da19f687c41",
            "subnet_id": "subnet-0044c20c4f730f3c5"
          },
          "private": "bnVsbA==",
          "dependencies": [
            "aws_internet_gateway.demo",
            "aws_route_table.demo",
            "aws_subnet.demo",
            "aws_vpc.demo",
            "data.aws_availability_zones.available"
          ]
        }
      ]
    },
    {
      "mode": "managed",
      "type": "aws_security_group",
      "name": "demo-cluster",
      "provider": "provider[\"registry.terraform.io/hashicorp/aws\"]",
      "instances": [
        {
          "schema_version": 1,
          "attributes": {
            "arn": "arn:aws:ec2:us-west-2:947722514212:security-group/sg-09907936246a08bab",
            "description": "Cluster communication with worker nodes",
            "egress": [
              {
                "cidr_blocks": [
                  "0.0.0.0/0"
                ],
                "description": "",
                "from_port": 0,
                "ipv6_cidr_blocks": [],
                "prefix_list_ids": [],
                "protocol": "-1",
                "security_groups": [],
                "self": false,
                "to_port": 0
              }
            ],
            "id": "sg-09907936246a08bab",
            "ingress": [],
            "name": "terraform-eks-demo-cluster",
            "name_prefix": "",
            "owner_id": "947722514212",
            "revoke_rules_on_delete": false,
            "tags": {
              "Name": "terraform-eks-demo"
            },
            "timeouts": null,
            "vpc_id": "vpc-078a13b8434d9bfb3"
          },
          "private": "eyJlMmJmYjczMC1lY2FhLTExZTYtOGY4OC0zNDM2M2JjN2M0YzAiOnsiY3JlYXRlIjo2MDAwMDAwMDAwMDAsImRlbGV0ZSI6NjAwMDAwMDAwMDAwfSwic2NoZW1hX3ZlcnNpb24iOiIxIn0=",
          "dependencies": [
            "aws_vpc.demo"
          ]
        }
      ]
    },
    {
      "mode": "managed",
      "type": "aws_security_group_rule",
      "name": "demo-cluster-ingress-workstation-https",
      "provider": "provider[\"registry.terraform.io/hashicorp/aws\"]",
      "instances": [
        {
          "schema_version": 2,
          "attributes": {
            "cidr_blocks": [
              "52.23.196.60/32"
            ],
            "description": "Allow workstation to communicate with the cluster API Server",
            "from_port": 443,
            "id": "sgrule-791387002",
            "ipv6_cidr_blocks": null,
            "prefix_list_ids": null,
            "protocol": "tcp",
            "security_group_id": "sg-09907936246a08bab",
            "self": false,
            "source_security_group_id": null,
            "to_port": 443,
            "type": "ingress"
          },
          "private": "eyJzY2hlbWFfdmVyc2lvbiI6IjIifQ==",
          "dependencies": [
            "aws_security_group.demo-cluster",
            "aws_vpc.demo",
            "data.http.workstation-external-ip"
          ]
        }
      ]
    },
    {
      "mode": "managed",
      "type": "aws_subnet",
      "name": "demo",
      "provider": "provider[\"registry.terraform.io/hashicorp/aws\"]",
      "instances": [
        {
          "index_key": 0,
          "schema_version": 1,
          "attributes": {
            "arn": "arn:aws:ec2:us-west-2:947722514212:subnet/subnet-0a03975d7a2603f3a",
            "assign_ipv6_address_on_creation": false,
            "availability_zone": "us-west-2a",
            "availability_zone_id": "usw2-az2",
            "cidr_block": "10.0.0.0/24",
            "id": "subnet-0a03975d7a2603f3a",
            "ipv6_cidr_block": "",
            "ipv6_cidr_block_association_id": "",
            "map_public_ip_on_launch": true,
            "outpost_arn": "",
            "owner_id": "947722514212",
            "tags": {
              "Name": "terraform-eks-demo-node",
              "kubernetes.io/cluster/terraform-eks-demo": "shared"
            },
            "timeouts": null,
            "vpc_id": "vpc-078a13b8434d9bfb3"
          },
          "private": "eyJlMmJmYjczMC1lY2FhLTExZTYtOGY4OC0zNDM2M2JjN2M0YzAiOnsiY3JlYXRlIjo2MDAwMDAwMDAwMDAsImRlbGV0ZSI6MTIwMDAwMDAwMDAwMH0sInNjaGVtYV92ZXJzaW9uIjoiMSJ9",
          "dependencies": [
            "aws_vpc.demo",
            "data.aws_availability_zones.available"
          ]
        },
        {
          "index_key": 1,
          "schema_version": 1,
          "attributes": {
            "arn": "arn:aws:ec2:us-west-2:947722514212:subnet/subnet-0044c20c4f730f3c5",
            "assign_ipv6_address_on_creation": false,
            "availability_zone": "us-west-2b",
            "availability_zone_id": "usw2-az1",
            "cidr_block": "10.0.1.0/24",
            "id": "subnet-0044c20c4f730f3c5",
            "ipv6_cidr_block": "",
            "ipv6_cidr_block_association_id": "",
            "map_public_ip_on_launch": true,
            "outpost_arn": "",
            "owner_id": "947722514212",
            "tags": {
              "Name": "terraform-eks-demo-node",
              "kubernetes.io/cluster/terraform-eks-demo": "shared"
            },
            "timeouts": null,
            "vpc_id": "vpc-078a13b8434d9bfb3"
          },
          "private": "eyJlMmJmYjczMC1lY2FhLTExZTYtOGY4OC0zNDM2M2JjN2M0YzAiOnsiY3JlYXRlIjo2MDAwMDAwMDAwMDAsImRlbGV0ZSI6MTIwMDAwMDAwMDAwMH0sInNjaGVtYV92ZXJzaW9uIjoiMSJ9",
          "dependencies": [
            "aws_vpc.demo",
            "data.aws_availability_zones.available"
          ]
        }
      ]
    },
    {
      "mode": "managed",
      "type": "aws_vpc",
      "name": "demo",
      "provider": "provider[\"registry.terraform.io/hashicorp/aws\"]",
      "instances": [
        {
          "schema_version": 1,
          "attributes": {
            "arn": "arn:aws:ec2:us-west-2:947722514212:vpc/vpc-078a13b8434d9bfb3",
            "assign_generated_ipv6_cidr_block": false,
            "cidr_block": "10.0.0.0/16",
            "default_network_acl_id": "acl-021d9058d7c3f0fd9",
            "default_route_table_id": "rtb-07743d726c887977e",
            "default_security_group_id": "sg-0eb2fc0a557e7e243",
            "dhcp_options_id": "dopt-bc2b54d8",
            "enable_classiclink": false,
            "enable_classiclink_dns_support": false,
            "enable_dns_hostnames": false,
            "enable_dns_support": true,
            "id": "vpc-078a13b8434d9bfb3",
            "instance_tenancy": "default",
            "ipv6_association_id": "",
            "ipv6_cidr_block": "",
            "main_route_table_id": "rtb-07743d726c887977e",
            "owner_id": "947722514212",
            "tags": {
              "Name": "terraform-eks-demo-node",
              "kubernetes.io/cluster/terraform-eks-demo": "shared"
            }
          },
          "private": "eyJzY2hlbWFfdmVyc2lvbiI6IjEifQ=="
        }
      ]
    }
  ]
}
